// !$*UTF8*$!
{
	archiveVersion = 1;
	classes = {
	};
	objectVersion = 56;
	objects = {

/* Begin PBXBuildFile section */
		A45539D32BF26B37000BE64F /* ViewExtention.swift in Sources */ = {isa = PBXBuildFile; fileRef = A45539D22BF26B37000BE64F /* ViewExtention.swift */; };
		A48033732BF125F300878075 /* DislikesPage.swift in Sources */ = {isa = PBXBuildFile; fileRef = A48033722BF125F200878075 /* DislikesPage.swift */; };
		A48033752BF1F6A500878075 /* Recipe.swift in Sources */ = {isa = PBXBuildFile; fileRef = A48033742BF1F6A500878075 /* Recipe.swift */; };
		A4832A4E2BE4DC7300C726AE /* MiniKitaApp.swift in Sources */ = {isa = PBXBuildFile; fileRef = A4832A4D2BE4DC7300C726AE /* MiniKitaApp.swift */; };
		A4832A502BE4DC7300C726AE /* ContentView.swift in Sources */ = {isa = PBXBuildFile; fileRef = A4832A4F2BE4DC7300C726AE /* ContentView.swift */; };
		A4832A522BE4DC7400C726AE /* Assets.xcassets in Resources */ = {isa = PBXBuildFile; fileRef = A4832A512BE4DC7400C726AE /* Assets.xcassets */; };
		A4832A552BE4DC7400C726AE /* Preview Assets.xcassets in Resources */ = {isa = PBXBuildFile; fileRef = A4832A542BE4DC7400C726AE /* Preview Assets.xcassets */; };
		A4832A612BE9823C00C726AE /* OnBoardPage.swift in Sources */ = {isa = PBXBuildFile; fileRef = A4832A602BE9823C00C726AE /* OnBoardPage.swift */; };
		A4832A6C2BE986A400C726AE /* Localizable.strings in Resources */ = {isa = PBXBuildFile; fileRef = A4832A6A2BE986A400C726AE /* Localizable.strings */; };
		A4832A6E2BE9917F00C726AE /* LongButton.swift in Sources */ = {isa = PBXBuildFile; fileRef = A4832A6D2BE9917F00C726AE /* LongButton.swift */; };
		A4832A702BE99F6400C726AE /* GoalsPage.swift in Sources */ = {isa = PBXBuildFile; fileRef = A4832A6F2BE99F6400C726AE /* GoalsPage.swift */; };
		A4832A732BE9A44D00C726AE /* AllergiesPage.swift in Sources */ = {isa = PBXBuildFile; fileRef = A4832A722BE9A44D00C726AE /* AllergiesPage.swift */; };
		A4832A782BE9E40E00C726AE /* Constant.swift in Sources */ = {isa = PBXBuildFile; fileRef = A4832A772BE9E40E00C726AE /* Constant.swift */; };
		A4832A7F2BEA117500C726AE /* Ingredients.swift in Sources */ = {isa = PBXBuildFile; fileRef = A4832A7E2BEA117500C726AE /* Ingredients.swift */; };
/* End PBXBuildFile section */

/* Begin PBXFileReference section */
		A45539D22BF26B37000BE64F /* ViewExtention.swift */ = {isa = PBXFileReference; fileEncoding = 4; lastKnownFileType = sourcecode.swift; name = ViewExtention.swift; path = ../../../NgeMeal/NgeMeal/Helper/ViewExtention.swift; sourceTree = "<group>"; };
		A48033722BF125F200878075 /* DislikesPage.swift */ = {isa = PBXFileReference; lastKnownFileType = sourcecode.swift; path = DislikesPage.swift; sourceTree = "<group>"; };
		A48033742BF1F6A500878075 /* Recipe.swift */ = {isa = PBXFileReference; lastKnownFileType = sourcecode.swift; path = Recipe.swift; sourceTree = "<group>"; };
		A4832A4A2BE4DC7300C726AE /* MiniKita.app */ = {isa = PBXFileReference; explicitFileType = wrapper.application; includeInIndex = 0; path = MiniKita.app; sourceTree = BUILT_PRODUCTS_DIR; };
		A4832A4D2BE4DC7300C726AE /* MiniKitaApp.swift */ = {isa = PBXFileReference; lastKnownFileType = sourcecode.swift; path = MiniKitaApp.swift; sourceTree = "<group>"; };
		A4832A4F2BE4DC7300C726AE /* ContentView.swift */ = {isa = PBXFileReference; lastKnownFileType = sourcecode.swift; path = ContentView.swift; sourceTree = "<group>"; };
		A4832A512BE4DC7400C726AE /* Assets.xcassets */ = {isa = PBXFileReference; lastKnownFileType = folder.assetcatalog; path = Assets.xcassets; sourceTree = "<group>"; };
		A4832A542BE4DC7400C726AE /* Preview Assets.xcassets */ = {isa = PBXFileReference; lastKnownFileType = folder.assetcatalog; path = "Preview Assets.xcassets"; sourceTree = "<group>"; };
		A4832A602BE9823C00C726AE /* OnBoardPage.swift */ = {isa = PBXFileReference; lastKnownFileType = sourcecode.swift; path = OnBoardPage.swift; sourceTree = "<group>"; };
		A4832A6B2BE986A400C726AE /* en */ = {isa = PBXFileReference; lastKnownFileType = text.plist.strings; name = en; path = en.lproj/Localizable.strings; sourceTree = "<group>"; };
		A4832A6D2BE9917F00C726AE /* LongButton.swift */ = {isa = PBXFileReference; lastKnownFileType = sourcecode.swift; path = LongButton.swift; sourceTree = "<group>"; };
		A4832A6F2BE99F6400C726AE /* GoalsPage.swift */ = {isa = PBXFileReference; lastKnownFileType = sourcecode.swift; path = GoalsPage.swift; sourceTree = "<group>"; };
		A4832A722BE9A44D00C726AE /* AllergiesPage.swift */ = {isa = PBXFileReference; lastKnownFileType = sourcecode.swift; path = AllergiesPage.swift; sourceTree = "<group>"; };
		A4832A772BE9E40E00C726AE /* Constant.swift */ = {isa = PBXFileReference; lastKnownFileType = sourcecode.swift; path = Constant.swift; sourceTree = "<group>"; };
		A4832A7E2BEA117500C726AE /* Ingredients.swift */ = {isa = PBXFileReference; lastKnownFileType = sourcecode.swift; path = Ingredients.swift; sourceTree = "<group>"; };
/* End PBXFileReference section */

/* Begin PBXFrameworksBuildPhase section */
		A4832A472BE4DC7300C726AE /* Frameworks */ = {
			isa = PBXFrameworksBuildPhase;
			buildActionMask = 2147483647;
			files = (
			);
			runOnlyForDeploymentPostprocessing = 0;
		};
/* End PBXFrameworksBuildPhase section */

/* Begin PBXGroup section */
		A4832A412BE4DC7300C726AE = {
			isa = PBXGroup;
			children = (
				A4832A4C2BE4DC7300C726AE /* MiniKita */,
				A4832A4B2BE4DC7300C726AE /* Products */,
			);
			sourceTree = "<group>";
		};
		A4832A4B2BE4DC7300C726AE /* Products */ = {
			isa = PBXGroup;
			children = (
				A4832A4A2BE4DC7300C726AE /* MiniKita.app */,
			);
			name = Products;
			sourceTree = "<group>";
		};
		A4832A4C2BE4DC7300C726AE /* MiniKita */ = {
			isa = PBXGroup;
			children = (
				A4832A5F2BE9821800C726AE /* Model */,
				A4832A5E2BE981FF00C726AE /* Manager */,
				A4832A5D2BE981FA00C726AE /* View */,
				A4832A5C2BE981F000C726AE /* ViewModel */,
				A4832A5B2BE981E500C726AE /* Helper */,
				A4832A4D2BE4DC7300C726AE /* MiniKitaApp.swift */,
				A4832A4F2BE4DC7300C726AE /* ContentView.swift */,
				A4832A512BE4DC7400C726AE /* Assets.xcassets */,
				A4832A532BE4DC7400C726AE /* Preview Content */,
			);
			path = MiniKita;
			sourceTree = "<group>";
		};
		A4832A532BE4DC7400C726AE /* Preview Content */ = {
			isa = PBXGroup;
			children = (
				A4832A542BE4DC7400C726AE /* Preview Assets.xcassets */,
			);
			path = "Preview Content";
			sourceTree = "<group>";
		};
		A4832A5B2BE981E500C726AE /* Helper */ = {
			isa = PBXGroup;
			children = (
				A45539D22BF26B37000BE64F /* ViewExtention.swift */,
				A4832A6A2BE986A400C726AE /* Localizable.strings */,
				A4832A772BE9E40E00C726AE /* Constant.swift */,
			);
			path = Helper;
			sourceTree = "<group>";
		};
		A4832A5C2BE981F000C726AE /* ViewModel */ = {
			isa = PBXGroup;
			children = (
			);
			path = ViewModel;
			sourceTree = "<group>";
		};
		A4832A5D2BE981FA00C726AE /* View */ = {
			isa = PBXGroup;
			children = (
				A4832A7B2BE9E55400C726AE /* Helper */,
				A4832A712BE9A40900C726AE /* OnBoard */,
			);
			path = View;
			sourceTree = "<group>";
		};
		A4832A5E2BE981FF00C726AE /* Manager */ = {
			isa = PBXGroup;
			children = (
			);
			path = Manager;
			sourceTree = "<group>";
		};
		A4832A5F2BE9821800C726AE /* Model */ = {
			isa = PBXGroup;
			children = (
				A4832A7E2BEA117500C726AE /* Ingredients.swift */,
				A48033742BF1F6A500878075 /* Recipe.swift */,
			);
			path = Model;
			sourceTree = "<group>";
		};
		A4832A712BE9A40900C726AE /* OnBoard */ = {
			isa = PBXGroup;
			children = (
				A4832A602BE9823C00C726AE /* OnBoardPage.swift */,
				A4832A6F2BE99F6400C726AE /* GoalsPage.swift */,
				A4832A722BE9A44D00C726AE /* AllergiesPage.swift */,
				A48033722BF125F200878075 /* DislikesPage.swift */,
			);
			path = OnBoard;
			sourceTree = "<group>";
		};
		A4832A7B2BE9E55400C726AE /* Helper */ = {
			isa = PBXGroup;
			children = (
				A4832A6D2BE9917F00C726AE /* LongButton.swift */,
			);
			path = Helper;
			sourceTree = "<group>";
		};
/* End PBXGroup section */

/* Begin PBXNativeTarget section */
		A4832A492BE4DC7300C726AE /* MiniKita */ = {
			isa = PBXNativeTarget;
			buildConfigurationList = A4832A582BE4DC7400C726AE /* Build configuration list for PBXNativeTarget "MiniKita" */;
			buildPhases = (
				A4832A462BE4DC7300C726AE /* Sources */,
				A4832A472BE4DC7300C726AE /* Frameworks */,
				A4832A482BE4DC7300C726AE /* Resources */,
			);
			buildRules = (
			);
			dependencies = (
			);
			name = MiniKita;
			productName = MiniKita;
			productReference = A4832A4A2BE4DC7300C726AE /* MiniKita.app */;
			productType = "com.apple.product-type.application";
		};
/* End PBXNativeTarget section */

/* Begin PBXProject section */
		A4832A422BE4DC7300C726AE /* Project object */ = {
			isa = PBXProject;
			attributes = {
				BuildIndependentTargetsInParallel = 1;
				LastSwiftUpdateCheck = 1530;
				LastUpgradeCheck = 1530;
				TargetAttributes = {
					A4832A492BE4DC7300C726AE = {
						CreatedOnToolsVersion = 15.3;
					};
				};
			};
			buildConfigurationList = A4832A452BE4DC7300C726AE /* Build configuration list for PBXProject "MiniKita" */;
			compatibilityVersion = "Xcode 14.0";
			developmentRegion = en;
			hasScannedForEncodings = 0;
			knownRegions = (
				en,
				Base,
			);
			mainGroup = A4832A412BE4DC7300C726AE;
			productRefGroup = A4832A4B2BE4DC7300C726AE /* Products */;
			projectDirPath = "";
			projectRoot = "";
			targets = (
				A4832A492BE4DC7300C726AE /* MiniKita */,
			);
		};
/* End PBXProject section */

/* Begin PBXResourcesBuildPhase section */
		A4832A482BE4DC7300C726AE /* Resources */ = {
			isa = PBXResourcesBuildPhase;
			buildActionMask = 2147483647;
			files = (
				A4832A6C2BE986A400C726AE /* Localizable.strings in Resources */,
				A4832A552BE4DC7400C726AE /* Preview Assets.xcassets in Resources */,
				A4832A522BE4DC7400C726AE /* Assets.xcassets in Resources */,
			);
			runOnlyForDeploymentPostprocessing = 0;
		};
/* End PBXResourcesBuildPhase section */

/* Begin PBXSourcesBuildPhase section */
		A4832A462BE4DC7300C726AE /* Sources */ = {
			isa = PBXSourcesBuildPhase;
			buildActionMask = 2147483647;
			files = (
				A4832A782BE9E40E00C726AE /* Constant.swift in Sources */,
				A4832A702BE99F6400C726AE /* GoalsPage.swift in Sources */,
				A4832A502BE4DC7300C726AE /* ContentView.swift in Sources */,
				A48033732BF125F300878075 /* DislikesPage.swift in Sources */,
				A4832A732BE9A44D00C726AE /* AllergiesPage.swift in Sources */,
				A4832A7F2BEA117500C726AE /* Ingredients.swift in Sources */,
				A4832A4E2BE4DC7300C726AE /* MiniKitaApp.swift in Sources */,
				A45539D32BF26B37000BE64F /* ViewExtention.swift in Sources */,
				A4832A612BE9823C00C726AE /* OnBoardPage.swift in Sources */,
				A48033752BF1F6A500878075 /* Recipe.swift in Sources */,
				A4832A6E2BE9917F00C726AE /* LongButton.swift in Sources */,
			);
			runOnlyForDeploymentPostprocessing = 0;
		};
/* End PBXSourcesBuildPhase section */

/* Begin PBXVariantGroup section */
		A4832A6A2BE986A400C726AE /* Localizable.strings */ = {
			isa = PBXVariantGroup;
			children = (
				A4832A6B2BE986A400C726AE /* en */,
			);
			name = Localizable.strings;
			sourceTree = "<group>";
		};
/* End PBXVariantGroup section */

/* Begin XCBuildConfiguration section */
		A4832A562BE4DC7400C726AE /* Debug */ = {
			isa = XCBuildConfiguration;
			buildSettings = {
				ALWAYS_SEARCH_USER_PATHS = NO;
				ASSETCATALOG_COMPILER_GENERATE_SWIFT_ASSET_SYMBOL_EXTENSIONS = YES;
				ASSETCATALOG_COMPILER_GLOBAL_ACCENT_COLOR_NAME = "";
				CLANG_ANALYZER_NONNULL = YES;
				CLANG_ANALYZER_NUMBER_OBJECT_CONVERSION = YES_AGGRESSIVE;
				CLANG_CXX_LANGUAGE_STANDARD = "gnu++20";
				CLANG_ENABLE_MODULES = YES;
				CLANG_ENABLE_OBJC_ARC = YES;
				CLANG_ENABLE_OBJC_WEAK = YES;
				CLANG_WARN_BLOCK_CAPTURE_AUTORELEASING = YES;
				CLANG_WARN_BOOL_CONVERSION = YES;
				CLANG_WARN_COMMA = YES;
				CLANG_WARN_CONSTANT_CONVERSION = YES;
				CLANG_WARN_DEPRECATED_OBJC_IMPLEMENTATIONS = YES;
				CLANG_WARN_DIRECT_OBJC_ISA_USAGE = YES_ERROR;
				CLANG_WARN_DOCUMENTATION_COMMENTS = YES;
				CLANG_WARN_EMPTY_BODY = YES;
				CLANG_WARN_ENUM_CONVERSION = YES;
				CLANG_WARN_INFINITE_RECURSION = YES;
				CLANG_WARN_INT_CONVERSION = YES;
				CLANG_WARN_NON_LITERAL_NULL_CONVERSION = YES;
				CLANG_WARN_OBJC_IMPLICIT_RETAIN_SELF = YES;
				CLANG_WARN_OBJC_LITERAL_CONVERSION = YES;
				CLANG_WARN_OBJC_ROOT_CLASS = YES_ERROR;
				CLANG_WARN_QUOTED_INCLUDE_IN_FRAMEWORK_HEADER = YES;
				CLANG_WARN_RANGE_LOOP_ANALYSIS = YES;
				CLANG_WARN_STRICT_PROTOTYPES = YES;
				CLANG_WARN_SUSPICIOUS_MOVE = YES;
				CLANG_WARN_UNGUARDED_AVAILABILITY = YES_AGGRESSIVE;
				CLANG_WARN_UNREACHABLE_CODE = YES;
				CLANG_WARN__DUPLICATE_METHOD_MATCH = YES;
				COPY_PHASE_STRIP = NO;
				DEBUG_INFORMATION_FORMAT = dwarf;
				ENABLE_STRICT_OBJC_MSGSEND = YES;
				ENABLE_TESTABILITY = YES;
				ENABLE_USER_SCRIPT_SANDBOXING = YES;
				GCC_C_LANGUAGE_STANDARD = gnu17;
				GCC_DYNAMIC_NO_PIC = NO;
				GCC_NO_COMMON_BLOCKS = YES;
				GCC_OPTIMIZATION_LEVEL = 0;
				GCC_PREPROCESSOR_DEFINITIONS = (
					"DEBUG=1",
					"$(inherited)",
				);
				GCC_WARN_64_TO_32_BIT_CONVERSION = YES;
				GCC_WARN_ABOUT_RETURN_TYPE = YES_ERROR;
				GCC_WARN_UNDECLARED_SELECTOR = YES;
				GCC_WARN_UNINITIALIZED_AUTOS = YES_AGGRESSIVE;
				GCC_WARN_UNUSED_FUNCTION = YES;
				GCC_WARN_UNUSED_VARIABLE = YES;
				IPHONEOS_DEPLOYMENT_TARGET = 17.4;
				LOCALIZATION_PREFERS_STRING_CATALOGS = YES;
				MTL_ENABLE_DEBUG_INFO = INCLUDE_SOURCE;
				MTL_FAST_MATH = YES;
				ONLY_ACTIVE_ARCH = YES;
				SDKROOT = iphoneos;
				SWIFT_ACTIVE_COMPILATION_CONDITIONS = "DEBUG $(inherited)";
				SWIFT_OPTIMIZATION_LEVEL = "-Onone";
			};
			name = Debug;
		};
		A4832A572BE4DC7400C726AE /* Release */ = {
			isa = XCBuildConfiguration;
			buildSettings = {
				ALWAYS_SEARCH_USER_PATHS = NO;
				ASSETCATALOG_COMPILER_GENERATE_SWIFT_ASSET_SYMBOL_EXTENSIONS = YES;
				ASSETCATALOG_COMPILER_GLOBAL_ACCENT_COLOR_NAME = "";
				CLANG_ANALYZER_NONNULL = YES;
				CLANG_ANALYZER_NUMBER_OBJECT_CONVERSION = YES_AGGRESSIVE;
				CLANG_CXX_LANGUAGE_STANDARD = "gnu++20";
				CLANG_ENABLE_MODULES = YES;
				CLANG_ENABLE_OBJC_ARC = YES;
				CLANG_ENABLE_OBJC_WEAK = YES;
				CLANG_WARN_BLOCK_CAPTURE_AUTORELEASING = YES;
				CLANG_WARN_BOOL_CONVERSION = YES;
				CLANG_WARN_COMMA = YES;
				CLANG_WARN_CONSTANT_CONVERSION = YES;
				CLANG_WARN_DEPRECATED_OBJC_IMPLEMENTATIONS = YES;
				CLANG_WARN_DIRECT_OBJC_ISA_USAGE = YES_ERROR;
				CLANG_WARN_DOCUMENTATION_COMMENTS = YES;
				CLANG_WARN_EMPTY_BODY = YES;
				CLANG_WARN_ENUM_CONVERSION = YES;
				CLANG_WARN_INFINITE_RECURSION = YES;
				CLANG_WARN_INT_CONVERSION = YES;
				CLANG_WARN_NON_LITERAL_NULL_CONVERSION = YES;
				CLANG_WARN_OBJC_IMPLICIT_RETAIN_SELF = YES;
				CLANG_WARN_OBJC_LITERAL_CONVERSION = YES;
				CLANG_WARN_OBJC_ROOT_CLASS = YES_ERROR;
				CLANG_WARN_QUOTED_INCLUDE_IN_FRAMEWORK_HEADER = YES;
				CLANG_WARN_RANGE_LOOP_ANALYSIS = YES;
				CLANG_WARN_STRICT_PROTOTYPES = YES;
				CLANG_WARN_SUSPICIOUS_MOVE = YES;
				CLANG_WARN_UNGUARDED_AVAILABILITY = YES_AGGRESSIVE;
				CLANG_WARN_UNREACHABLE_CODE = YES;
				CLANG_WARN__DUPLICATE_METHOD_MATCH = YES;
				COPY_PHASE_STRIP = NO;
				DEBUG_INFORMATION_FORMAT = "dwarf-with-dsym";
				ENABLE_NS_ASSERTIONS = NO;
				ENABLE_STRICT_OBJC_MSGSEND = YES;
				ENABLE_USER_SCRIPT_SANDBOXING = YES;
				GCC_C_LANGUAGE_STANDARD = gnu17;
				GCC_NO_COMMON_BLOCKS = YES;
				GCC_WARN_64_TO_32_BIT_CONVERSION = YES;
				GCC_WARN_ABOUT_RETURN_TYPE = YES_ERROR;
				GCC_WARN_UNDECLARED_SELECTOR = YES;
				GCC_WARN_UNINITIALIZED_AUTOS = YES_AGGRESSIVE;
				GCC_WARN_UNUSED_FUNCTION = YES;
				GCC_WARN_UNUSED_VARIABLE = YES;
				IPHONEOS_DEPLOYMENT_TARGET = 17.4;
				LOCALIZATION_PREFERS_STRING_CATALOGS = YES;
				MTL_ENABLE_DEBUG_INFO = NO;
				MTL_FAST_MATH = YES;
				SDKROOT = iphoneos;
				SWIFT_COMPILATION_MODE = wholemodule;
				VALIDATE_PRODUCT = YES;
			};
			name = Release;
		};
		A4832A592BE4DC7400C726AE /* Debug */ = {
			isa = XCBuildConfiguration;
			buildSettings = {
				ASSETCATALOG_COMPILER_APPICON_NAME = AppIcon;
				ASSETCATALOG_COMPILER_GLOBAL_ACCENT_COLOR_NAME = AccentColor;
				CODE_SIGN_STYLE = Automatic;
				CURRENT_PROJECT_VERSION = 1;
				DEVELOPMENT_ASSET_PATHS = "\"MiniKita/Preview Content\"";
				DEVELOPMENT_TEAM = 272RKPFRD7;
				ENABLE_PREVIEWS = YES;
				GENERATE_INFOPLIST_FILE = YES;
				INFOPLIST_KEY_UIApplicationSceneManifest_Generation = YES;
				INFOPLIST_KEY_UIApplicationSupportsIndirectInputEvents = YES;
				INFOPLIST_KEY_UILaunchScreen_Generation = YES;
				INFOPLIST_KEY_UISupportedInterfaceOrientations_iPad = "UIInterfaceOrientationPortrait UIInterfaceOrientationPortraitUpsideDown UIInterfaceOrientationLandscapeLeft UIInterfaceOrientationLandscapeRight";
				INFOPLIST_KEY_UISupportedInterfaceOrientations_iPhone = "UIInterfaceOrientationPortrait UIInterfaceOrientationLandscapeLeft UIInterfaceOrientationLandscapeRight";
				IPHONEOS_DEPLOYMENT_TARGET = 17.0;
				LD_RUNPATH_SEARCH_PATHS = (
					"$(inherited)",
					"@executable_path/Frameworks",
				);
				MARKETING_VERSION = 1.0;
				PRODUCT_BUNDLE_IDENTIFIER = digimind.MiniKitaa;
				PRODUCT_NAME = "$(TARGET_NAME)";
				SWIFT_EMIT_LOC_STRINGS = YES;
				SWIFT_VERSION = 5.0;
				TARGETED_DEVICE_FAMILY = "1,2";
			};
			name = Debug;
		};
		A4832A5A2BE4DC7400C726AE /* Release */ = {
			isa = XCBuildConfiguration;
			buildSettings = {
				ASSETCATALOG_COMPILER_APPICON_NAME = AppIcon;
				ASSETCATALOG_COMPILER_GLOBAL_ACCENT_COLOR_NAME = AccentColor;
				CODE_SIGN_STYLE = Automatic;
				CURRENT_PROJECT_VERSION = 1;
				DEVELOPMENT_ASSET_PATHS = "\"MiniKita/Preview Content\"";
				DEVELOPMENT_TEAM = 272RKPFRD7;
				ENABLE_PREVIEWS = YES;
				GENERATE_INFOPLIST_FILE = YES;
				INFOPLIST_KEY_UIApplicationSceneManifest_Generation = YES;
				INFOPLIST_KEY_UIApplicationSupportsIndirectInputEvents = YES;
				INFOPLIST_KEY_UILaunchScreen_Generation = YES;
				INFOPLIST_KEY_UISupportedInterfaceOrientations_iPad = "UIInterfaceOrientationPortrait UIInterfaceOrientationPortraitUpsideDown UIInterfaceOrientationLandscapeLeft UIInterfaceOrientationLandscapeRight";
				INFOPLIST_KEY_UISupportedInterfaceOrientations_iPhone = "UIInterfaceOrientationPortrait UIInterfaceOrientationLandscapeLeft UIInterfaceOrientationLandscapeRight";
				IPHONEOS_DEPLOYMENT_TARGET = 17.0;
				LD_RUNPATH_SEARCH_PATHS = (
					"$(inherited)",
					"@executable_path/Frameworks",
				);
				MARKETING_VERSION = 1.0;
				PRODUCT_BUNDLE_IDENTIFIER = digimind.MiniKitaa;
				PRODUCT_NAME = "$(TARGET_NAME)";
				SWIFT_EMIT_LOC_STRINGS = YES;
				SWIFT_VERSION = 5.0;
				TARGETED_DEVICE_FAMILY = "1,2";
			};
			name = Release;
		};
/* End XCBuildConfiguration section */

/* Begin XCConfigurationList section */
		A4832A452BE4DC7300C726AE /* Build configuration list for PBXProject "MiniKita" */ = {
			isa = XCConfigurationList;
			buildConfigurations = (
				A4832A562BE4DC7400C726AE /* Debug */,
				A4832A572BE4DC7400C726AE /* Release */,
			);
			defaultConfigurationIsVisible = 0;
			defaultConfigurationName = Release;
		};
		A4832A582BE4DC7400C726AE /* Build configuration list for PBXNativeTarget "MiniKita" */ = {
			isa = XCConfigurationList;
			buildConfigurations = (
				A4832A592BE4DC7400C726AE /* Debug */,
				A4832A5A2BE4DC7400C726AE /* Release */,
			);
			defaultConfigurationIsVisible = 0;
			defaultConfigurationName = Release;
		};
/* End XCConfigurationList section */
	};
	rootObject = A4832A422BE4DC7300C726AE /* Project object */;
}
